
Microsoft Visual Studio Solution File, Format Version 12.00
# Visual Studio Version 16
VisualStudioVersion = 16.0.30717.126
MinimumVisualStudioVersion = 10.0.40219.1
Project("{9A19103F-16F7-4668-BE54-9A1E7A4F7556}") = "Dojo.UI", "Dojo.UI\Dojo.UI.csproj", "{03B72EA6-0ACD-4FA2-AD55-D0A58CDF00FD}"
EndProject
Project("{FAE04EC0-301F-11D3-BF4B-00C04F79EFBC}") = "Dojo.API", "Dojo.API\Dojo.API.csproj", "{A01B17F3-4337-4C37-9C61-03533CA4D6D3}"
EndProject
Project("{FAE04EC0-301F-11D3-BF4B-00C04F79EFBC}") = "Dojo.Model", "Dojo.Model\Dojo.Model.csproj", "{51F345D2-F667-42B3-B660-39D81DEF227D}"
EndProject
Project("{FAE04EC0-301F-11D3-BF4B-00C04F79EFBC}") = "Dojo.Tests", "Dojo.Tests\Dojo.Tests.csproj", "{28BC3087-4BE1-4ACE-BD5B-0D1D3AABC6B8}"
EndProject
Global
	GlobalSection(SolutionConfigurationPlatforms) = preSolution
		Debug|Any CPU = Debug|Any CPU
		Release|Any CPU = Release|Any CPU
	EndGlobalSection
	GlobalSection(ProjectConfigurationPlatforms) = postSolution
		{03B72EA6-0ACD-4FA2-AD55-D0A58CDF00FD}.Debug|Any CPU.ActiveCfg = Debug|Any CPU
		{03B72EA6-0ACD-4FA2-AD55-D0A58CDF00FD}.Debug|Any CPU.Build.0 = Debug|Any CPU
		{03B72EA6-0ACD-4FA2-AD55-D0A58CDF00FD}.Release|Any CPU.ActiveCfg = Release|Any CPU
		{03B72EA6-0ACD-4FA2-AD55-D0A58CDF00FD}.Release|Any CPU.Build.0 = Release|Any CPU
		{A01B17F3-4337-4C37-9C61-03533CA4D6D3}.Debug|Any CPU.ActiveCfg = Debug|Any CPU
		{A01B17F3-4337-4C37-9C61-03533CA4D6D3}.Debug|Any CPU.Build.0 = Debug|Any CPU
		{A01B17F3-4337-4C37-9C61-03533CA4D6D3}.Release|Any CPU.ActiveCfg = Release|Any CPU
		{A01B17F3-4337-4C37-9C61-03533CA4D6D3}.Release|Any CPU.Build.0 = Release|Any CPU
		{51F345D2-F667-42B3-B660-39D81DEF227D}.Debug|Any CPU.ActiveCfg = Debug|Any CPU
		{51F345D2-F667-42B3-B660-39D81DEF227D}.Debug|Any CPU.Build.0 = Debug|Any CPU
		{51F345D2-F667-42B3-B660-39D81DEF227D}.Release|Any CPU.ActiveCfg = Release|Any CPU
		{51F345D2-F667-42B3-B660-39D81DEF227D}.Release|Any CPU.Build.0 = Release|Any CPU
		{28BC3087-4BE1-4ACE-BD5B-0D1D3AABC6B8}.Debug|Any CPU.ActiveCfg = Debug|Any CPU
		{28BC3087-4BE1-4ACE-BD5B-0D1D3AABC6B8}.Debug|Any CPU.Build.0 = Debug|Any CPU
		{28BC3087-4BE1-4ACE-BD5B-0D1D3AABC6B8}.Release|Any CPU.ActiveCfg = Release|Any CPU
		{28BC3087-4BE1-4ACE-BD5B-0D1D3AABC6B8}.Release|Any CPU.Build.0 = Release|Any CPU
	EndGlobalSection
	GlobalSection(SolutionProperties) = preSolution
		HideSolutionNode = FALSE
	EndGlobalSection
	GlobalSection(ExtensibilityGlobals) = postSolution
		SolutionGuid = {313AA0CB-F8DF-45E1-AD39-4C3C327FF4D5}
	EndGlobalSection
EndGlobal
